
Microsoft Visual Studio Solution File, Format Version 12.00
# Visual Studio Version 16
VisualStudioVersion = 16.0.29728.190
MinimumVisualStudioVersion = 10.0.40219.1
Project("{9A19103F-16F7-4668-BE54-9A1E7A4F7556}") = "CustomerApi", "TosedovOrderApplication\CustomerApi.csproj", "{C095704F-2541-4840-A74C-6155A5B015B1}"
EndProject
Project("{FAE04EC0-301F-11D3-BF4B-00C04F79EFBC}") = "OrderApi", "OrderApi\OrderApi.csproj", "{176D05E3-82E5-40E1-8F2E-96B209843E95}"
EndProject
Global
	GlobalSection(SolutionConfigurationPlatforms) = preSolution
		Debug|Any CPU = Debug|Any CPU
		Release|Any CPU = Release|Any CPU
	EndGlobalSection
	GlobalSection(ProjectConfigurationPlatforms) = postSolution
		{C095704F-2541-4840-A74C-6155A5B015B1}.Debug|Any CPU.ActiveCfg = Debug|Any CPU
		{C095704F-2541-4840-A74C-6155A5B015B1}.Debug|Any CPU.Build.0 = Debug|Any CPU
		{C095704F-2541-4840-A74C-6155A5B015B1}.Release|Any CPU.ActiveCfg = Release|Any CPU
		{C095704F-2541-4840-A74C-6155A5B015B1}.Release|Any CPU.Build.0 = Release|Any CPU
		{176D05E3-82E5-40E1-8F2E-96B209843E95}.Debug|Any CPU.ActiveCfg = Debug|Any CPU
		{176D05E3-82E5-40E1-8F2E-96B209843E95}.Debug|Any CPU.Build.0 = Debug|Any CPU
		{176D05E3-82E5-40E1-8F2E-96B209843E95}.Release|Any CPU.ActiveCfg = Release|Any CPU
		{176D05E3-82E5-40E1-8F2E-96B209843E95}.Release|Any CPU.Build.0 = Release|Any CPU
	EndGlobalSection
	GlobalSection(SolutionProperties) = preSolution
		HideSolutionNode = FALSE
	EndGlobalSection
	GlobalSection(ExtensibilityGlobals) = postSolution
		SolutionGuid = {AB21AA2F-1707-448C-A9C2-47501394C37C}
	EndGlobalSection
EndGlobal
